
Microsoft Visual Studio Solution File, Format Version 12.00
# Visual Studio 2015
Project("{FAE04EC0-301F-11D3-BF4B-00C04F79EFBC}") = "ASTAR - My own.CSharp", "ASTAR - My own.CSharp.csproj", "{EB989A8C-0FD2-D9CC-8AF4-58C68B2AD64D}"
EndProject
Global
	GlobalSection(SolutionConfigurationPlatforms) = preSolution
		Debug|Any CPU = Debug|Any CPU
		Release|Any CPU = Release|Any CPU
	EndGlobalSection
	GlobalSection(ProjectConfigurationPlatforms) = postSolution
		{EB989A8C-0FD2-D9CC-8AF4-58C68B2AD64D}.Debug|Any CPU.ActiveCfg = Debug|Any CPU
		{EB989A8C-0FD2-D9CC-8AF4-58C68B2AD64D}.Debug|Any CPU.Build.0 = Debug|Any CPU
		{EB989A8C-0FD2-D9CC-8AF4-58C68B2AD64D}.Release|Any CPU.ActiveCfg = Release|Any CPU
		{EB989A8C-0FD2-D9CC-8AF4-58C68B2AD64D}.Release|Any CPU.Build.0 = Release|Any CPU
	EndGlobalSection
	GlobalSection(SolutionProperties) = preSolution
		HideSolutionNode = FALSE
	EndGlobalSection
EndGlobal
